
Microsoft Visual Studio Solution File, Format Version 12.00
# Visual Studio 15
VisualStudioVersion = 15.0.28010.2003
MinimumVisualStudioVersion = 10.0.40219.1
Project("{FAE04EC0-301F-11D3-BF4B-00C04F79EFBC}") = "primeiro-projeto", "primeiro-projeto.csproj", "{4A0C374B-16ED-446C-827F-461284932E45}"
EndProject
Global
	GlobalSection(SolutionConfigurationPlatforms) = preSolution
		Debug|Any CPU = Debug|Any CPU
		Release|Any CPU = Release|Any CPU
	EndGlobalSection
	GlobalSection(ProjectConfigurationPlatforms) = postSolution
		{4A0C374B-16ED-446C-827F-461284932E45}.Debug|Any CPU.ActiveCfg = Debug|Any CPU
		{4A0C374B-16ED-446C-827F-461284932E45}.Debug|Any CPU.Build.0 = Debug|Any CPU
		{4A0C374B-16ED-446C-827F-461284932E45}.Release|Any CPU.ActiveCfg = Release|Any CPU
		{4A0C374B-16ED-446C-827F-461284932E45}.Release|Any CPU.Build.0 = Release|Any CPU
	EndGlobalSection
	GlobalSection(SolutionProperties) = preSolution
		HideSolutionNode = FALSE
	EndGlobalSection
	GlobalSection(ExtensibilityGlobals) = postSolution
		SolutionGuid = {0464D3CA-67B8-447D-9076-E34360E0C118}
	EndGlobalSection
EndGlobal
